
Microsoft Visual Studio Solution File, Format Version 12.00
# Visual Studio Version 16
VisualStudioVersion = 16.0.31702.278
MinimumVisualStudioVersion = 10.0.40219.1
Project("{FAE04EC0-301F-11D3-BF4B-00C04F79EFBC}") = "Exam", "Exam.csproj", "{6690EF6A-959E-4337-ACA3-C92F5289D0CE}"
EndProject
Global
	GlobalSection(SolutionConfigurationPlatforms) = preSolution
		Debug|Any CPU = Debug|Any CPU
		Release|Any CPU = Release|Any CPU
	EndGlobalSection
	GlobalSection(ProjectConfigurationPlatforms) = postSolution
		{6690EF6A-959E-4337-ACA3-C92F5289D0CE}.Debug|Any CPU.ActiveCfg = Debug|Any CPU
		{6690EF6A-959E-4337-ACA3-C92F5289D0CE}.Debug|Any CPU.Build.0 = Debug|Any CPU
		{6690EF6A-959E-4337-ACA3-C92F5289D0CE}.Release|Any CPU.ActiveCfg = Release|Any CPU
		{6690EF6A-959E-4337-ACA3-C92F5289D0CE}.Release|Any CPU.Build.0 = Release|Any CPU
	EndGlobalSection
	GlobalSection(SolutionProperties) = preSolution
		HideSolutionNode = FALSE
	EndGlobalSection
	GlobalSection(ExtensibilityGlobals) = postSolution
		SolutionGuid = {411EA8E9-934A-463D-8DB6-8FF02FC47CAD}
	EndGlobalSection
EndGlobal
